// !$*UTF8*$!
{
	archiveVersion = 1;
	classes = {
	};
	objectVersion = 50;
	objects = {

/* Begin PBXBuildFile section */
		2C09BE2021745B01006C2A93 /* AppDelegate.swift in Sources */ = {isa = PBXBuildFile; fileRef = 2C09BE1F21745B01006C2A93 /* AppDelegate.swift */; };
		2C09BE2221745B01006C2A93 /* ViewController.swift in Sources */ = {isa = PBXBuildFile; fileRef = 2C09BE2121745B01006C2A93 /* ViewController.swift */; };
		2C09BE2521745B01006C2A93 /* Main.storyboard in Resources */ = {isa = PBXBuildFile; fileRef = 2C09BE2321745B01006C2A93 /* Main.storyboard */; };
		2C09BE2721745B02006C2A93 /* Assets.xcassets in Resources */ = {isa = PBXBuildFile; fileRef = 2C09BE2621745B02006C2A93 /* Assets.xcassets */; };
		2C09BE2A21745B02006C2A93 /* LaunchScreen.storyboard in Resources */ = {isa = PBXBuildFile; fileRef = 2C09BE2821745B02006C2A93 /* LaunchScreen.storyboard */; };
		2C09BE3521745B02006C2A93 /* Train_Your_Eyes_iOSTests.swift in Sources */ = {isa = PBXBuildFile; fileRef = 2C09BE3421745B02006C2A93 /* Train_Your_Eyes_iOSTests.swift */; };
		2C09BE4021745B02006C2A93 /* Train_Your_Eyes_iOSUITests.swift in Sources */ = {isa = PBXBuildFile; fileRef = 2C09BE3F21745B02006C2A93 /* Train_Your_Eyes_iOSUITests.swift */; };
		2C23572821A2032A00412F60 /* ColorBlindData.swift in Sources */ = {isa = PBXBuildFile; fileRef = 2C23572721A2032A00412F60 /* ColorBlindData.swift */; };
		2C2CB0A52186CF8700D7F77E /* MainScreenViewController.swift in Sources */ = {isa = PBXBuildFile; fileRef = 2C2CB0A42186CF8700D7F77E /* MainScreenViewController.swift */; };
		2C2CB0A72186E7A800D7F77E /* OptokineticViewController.swift in Sources */ = {isa = PBXBuildFile; fileRef = 2C2CB0A62186E7A800D7F77E /* OptokineticViewController.swift */; };
		2C2CB0A92186E7BA00D7F77E /* MovingBallViewController.swift in Sources */ = {isa = PBXBuildFile; fileRef = 2C2CB0A82186E7BA00D7F77E /* MovingBallViewController.swift */; };
		2C2CB0AB2186E7F800D7F77E /* MyopiaViewController.swift in Sources */ = {isa = PBXBuildFile; fileRef = 2C2CB0AA2186E7F800D7F77E /* MyopiaViewController.swift */; };
		2C2CB0AD2186F42B00D7F77E /* HitMovingObjectViewController.swift in Sources */ = {isa = PBXBuildFile; fileRef = 2C2CB0AC2186F42B00D7F77E /* HitMovingObjectViewController.swift */; };
		2C3EC83C2188427D004AD3FF /* MainScreenTableViewCell.swift in Sources */ = {isa = PBXBuildFile; fileRef = 2C3EC83B2188427D004AD3FF /* MainScreenTableViewCell.swift */; };
		2C4D2C1E217BD540004C0367 /* VisionCheckViewController.swift in Sources */ = {isa = PBXBuildFile; fileRef = 2C4D2C1D217BD540004C0367 /* VisionCheckViewController.swift */; };
		2C67BDBD2192C89C00E880FB /* UserDataModel.xcdatamodeld in Sources */ = {isa = PBXBuildFile; fileRef = 2C67BDBB2192C89C00E880FB /* UserDataModel.xcdatamodeld */; };
		2CAA5DC721A39F3900E769A8 /* AlertFunctions.swift in Sources */ = {isa = PBXBuildFile; fileRef = 2CAA5DC621A39F3900E769A8 /* AlertFunctions.swift */; };
		2CAA5DC921A3CCCA00E769A8 /* RoundButton.swift in Sources */ = {isa = PBXBuildFile; fileRef = 2CAA5DC821A3CCCA00E769A8 /* RoundButton.swift */; };
		2CAA5DCB21A3E5E800E769A8 /* VisionTestResultsViewController.swift in Sources */ = {isa = PBXBuildFile; fileRef = 2CAA5DCA21A3E5E800E769A8 /* VisionTestResultsViewController.swift */; };
		2CB077E9161798CE04920BA3 /* Pods_Train_Your_Eyes_iOSTests.framework in Frameworks */ = {isa = PBXBuildFile; fileRef = 08B77F6E7194E019FCEEBD71 /* Pods_Train_Your_Eyes_iOSTests.framework */; };
		5577F91F339EB98088CF2CE1 /* Pods_Train_Your_Eyes_iOSUITests.framework in Frameworks */ = {isa = PBXBuildFile; fileRef = B01C6CD9EB62331F641D13C1 /* Pods_Train_Your_Eyes_iOSUITests.framework */; };
		DA6386CA076B63387A317EE5 /* Pods_Train_Your_Eyes_iOS.framework in Frameworks */ = {isa = PBXBuildFile; fileRef = FA8ED01AB0FFEC5533D24943 /* Pods_Train_Your_Eyes_iOS.framework */; };
/* End PBXBuildFile section */

/* Begin PBXContainerItemProxy section */
		2C09BE3121745B02006C2A93 /* PBXContainerItemProxy */ = {
			isa = PBXContainerItemProxy;
			containerPortal = 2C09BE1421745B01006C2A93 /* Project object */;
			proxyType = 1;
			remoteGlobalIDString = 2C09BE1B21745B01006C2A93;
			remoteInfo = Train_Your_Eyes_iOS;
		};
		2C09BE3C21745B02006C2A93 /* PBXContainerItemProxy */ = {
			isa = PBXContainerItemProxy;
			containerPortal = 2C09BE1421745B01006C2A93 /* Project object */;
			proxyType = 1;
			remoteGlobalIDString = 2C09BE1B21745B01006C2A93;
			remoteInfo = Train_Your_Eyes_iOS;
		};
/* End PBXContainerItemProxy section */

/* Begin PBXFileReference section */
		08B77F6E7194E019FCEEBD71 /* Pods_Train_Your_Eyes_iOSTests.framework */ = {isa = PBXFileReference; explicitFileType = wrapper.framework; includeInIndex = 0; path = Pods_Train_Your_Eyes_iOSTests.framework; sourceTree = BUILT_PRODUCTS_DIR; };
		14BC454914B7C19822DFD614 /* Pods-Train_Your_Eyes_iOSUITests.debug.xcconfig */ = {isa = PBXFileReference; includeInIndex = 1; lastKnownFileType = text.xcconfig; name = "Pods-Train_Your_Eyes_iOSUITests.debug.xcconfig"; path = "Pods/Target Support Files/Pods-Train_Your_Eyes_iOSUITests/Pods-Train_Your_Eyes_iOSUITests.debug.xcconfig"; sourceTree = "<group>"; };
		19E2A79AF2A46635092322F4 /* Pods-Train_Your_Eyes_iOSTests.debug.xcconfig */ = {isa = PBXFileReference; includeInIndex = 1; lastKnownFileType = text.xcconfig; name = "Pods-Train_Your_Eyes_iOSTests.debug.xcconfig"; path = "Pods/Target Support Files/Pods-Train_Your_Eyes_iOSTests/Pods-Train_Your_Eyes_iOSTests.debug.xcconfig"; sourceTree = "<group>"; };
		25F1B793C19904F6EB087B0F /* Pods-Train_Your_Eyes_iOSTests.release.xcconfig */ = {isa = PBXFileReference; includeInIndex = 1; lastKnownFileType = text.xcconfig; name = "Pods-Train_Your_Eyes_iOSTests.release.xcconfig"; path = "Pods/Target Support Files/Pods-Train_Your_Eyes_iOSTests/Pods-Train_Your_Eyes_iOSTests.release.xcconfig"; sourceTree = "<group>"; };
		2C09BE1C21745B01006C2A93 /* Train_Your_Eyes_iOS.app */ = {isa = PBXFileReference; explicitFileType = wrapper.application; includeInIndex = 0; path = Train_Your_Eyes_iOS.app; sourceTree = BUILT_PRODUCTS_DIR; };
		2C09BE1F21745B01006C2A93 /* AppDelegate.swift */ = {isa = PBXFileReference; lastKnownFileType = sourcecode.swift; path = AppDelegate.swift; sourceTree = "<group>"; };
		2C09BE2121745B01006C2A93 /* ViewController.swift */ = {isa = PBXFileReference; lastKnownFileType = sourcecode.swift; path = ViewController.swift; sourceTree = "<group>"; };
		2C09BE2421745B01006C2A93 /* Base */ = {isa = PBXFileReference; lastKnownFileType = file.storyboard; name = Base; path = Base.lproj/Main.storyboard; sourceTree = "<group>"; };
		2C09BE2621745B02006C2A93 /* Assets.xcassets */ = {isa = PBXFileReference; lastKnownFileType = folder.assetcatalog; path = Assets.xcassets; sourceTree = "<group>"; };
		2C09BE2921745B02006C2A93 /* Base */ = {isa = PBXFileReference; lastKnownFileType = file.storyboard; name = Base; path = Base.lproj/LaunchScreen.storyboard; sourceTree = "<group>"; };
		2C09BE2B21745B02006C2A93 /* Info.plist */ = {isa = PBXFileReference; lastKnownFileType = text.plist.xml; path = Info.plist; sourceTree = "<group>"; };
		2C09BE3021745B02006C2A93 /* Train_Your_Eyes_iOSTests.xctest */ = {isa = PBXFileReference; explicitFileType = wrapper.cfbundle; includeInIndex = 0; path = Train_Your_Eyes_iOSTests.xctest; sourceTree = BUILT_PRODUCTS_DIR; };
		2C09BE3421745B02006C2A93 /* Train_Your_Eyes_iOSTests.swift */ = {isa = PBXFileReference; lastKnownFileType = sourcecode.swift; path = Train_Your_Eyes_iOSTests.swift; sourceTree = "<group>"; };
		2C09BE3621745B02006C2A93 /* Info.plist */ = {isa = PBXFileReference; lastKnownFileType = text.plist.xml; path = Info.plist; sourceTree = "<group>"; };
		2C09BE3B21745B02006C2A93 /* Train_Your_Eyes_iOSUITests.xctest */ = {isa = PBXFileReference; explicitFileType = wrapper.cfbundle; includeInIndex = 0; path = Train_Your_Eyes_iOSUITests.xctest; sourceTree = BUILT_PRODUCTS_DIR; };
		2C09BE3F21745B02006C2A93 /* Train_Your_Eyes_iOSUITests.swift */ = {isa = PBXFileReference; lastKnownFileType = sourcecode.swift; path = Train_Your_Eyes_iOSUITests.swift; sourceTree = "<group>"; };
		2C09BE4121745B02006C2A93 /* Info.plist */ = {isa = PBXFileReference; lastKnownFileType = text.plist.xml; path = Info.plist; sourceTree = "<group>"; };
		2C23572721A2032A00412F60 /* ColorBlindData.swift */ = {isa = PBXFileReference; lastKnownFileType = sourcecode.swift; path = ColorBlindData.swift; sourceTree = "<group>"; };
		2C2CB0A42186CF8700D7F77E /* MainScreenViewController.swift */ = {isa = PBXFileReference; lastKnownFileType = sourcecode.swift; path = MainScreenViewController.swift; sourceTree = "<group>"; };
		2C2CB0A62186E7A800D7F77E /* OptokineticViewController.swift */ = {isa = PBXFileReference; lastKnownFileType = sourcecode.swift; path = OptokineticViewController.swift; sourceTree = "<group>"; };
		2C2CB0A82186E7BA00D7F77E /* MovingBallViewController.swift */ = {isa = PBXFileReference; lastKnownFileType = sourcecode.swift; path = MovingBallViewController.swift; sourceTree = "<group>"; };
		2C2CB0AA2186E7F800D7F77E /* MyopiaViewController.swift */ = {isa = PBXFileReference; lastKnownFileType = sourcecode.swift; path = MyopiaViewController.swift; sourceTree = "<group>"; };
		2C2CB0AC2186F42B00D7F77E /* HitMovingObjectViewController.swift */ = {isa = PBXFileReference; lastKnownFileType = sourcecode.swift; path = HitMovingObjectViewController.swift; sourceTree = "<group>"; };
		2C3EC83B2188427D004AD3FF /* MainScreenTableViewCell.swift */ = {isa = PBXFileReference; lastKnownFileType = sourcecode.swift; path = MainScreenTableViewCell.swift; sourceTree = "<group>"; };
		2C4D2C1D217BD540004C0367 /* VisionCheckViewController.swift */ = {isa = PBXFileReference; lastKnownFileType = sourcecode.swift; path = VisionCheckViewController.swift; sourceTree = "<group>"; };
		2C67BDBC2192C89C00E880FB /* UserDataModel.xcdatamodel */ = {isa = PBXFileReference; lastKnownFileType = wrapper.xcdatamodel; path = UserDataModel.xcdatamodel; sourceTree = "<group>"; };
		2CAA5DC621A39F3900E769A8 /* AlertFunctions.swift */ = {isa = PBXFileReference; lastKnownFileType = sourcecode.swift; path = AlertFunctions.swift; sourceTree = "<group>"; };
		2CAA5DC821A3CCCA00E769A8 /* RoundButton.swift */ = {isa = PBXFileReference; lastKnownFileType = sourcecode.swift; path = RoundButton.swift; sourceTree = "<group>"; };
		2CAA5DCA21A3E5E800E769A8 /* VisionTestResultsViewController.swift */ = {isa = PBXFileReference; lastKnownFileType = sourcecode.swift; path = VisionTestResultsViewController.swift; sourceTree = "<group>"; };
		488F38336C938C82231AB733 /* Pods-Train_Your_Eyes_iOS.release.xcconfig */ = {isa = PBXFileReference; includeInIndex = 1; lastKnownFileType = text.xcconfig; name = "Pods-Train_Your_Eyes_iOS.release.xcconfig"; path = "Pods/Target Support Files/Pods-Train_Your_Eyes_iOS/Pods-Train_Your_Eyes_iOS.release.xcconfig"; sourceTree = "<group>"; };
		4DB704BD5270DA93C6FEFC84 /* Pods-Train_Your_Eyes_iOSUITests.release.xcconfig */ = {isa = PBXFileReference; includeInIndex = 1; lastKnownFileType = text.xcconfig; name = "Pods-Train_Your_Eyes_iOSUITests.release.xcconfig"; path = "Pods/Target Support Files/Pods-Train_Your_Eyes_iOSUITests/Pods-Train_Your_Eyes_iOSUITests.release.xcconfig"; sourceTree = "<group>"; };
		9E059006F52E4603BFD887A2 /* Pods-Train_Your_Eyes_iOS.debug.xcconfig */ = {isa = PBXFileReference; includeInIndex = 1; lastKnownFileType = text.xcconfig; name = "Pods-Train_Your_Eyes_iOS.debug.xcconfig"; path = "Pods/Target Support Files/Pods-Train_Your_Eyes_iOS/Pods-Train_Your_Eyes_iOS.debug.xcconfig"; sourceTree = "<group>"; };
		B01C6CD9EB62331F641D13C1 /* Pods_Train_Your_Eyes_iOSUITests.framework */ = {isa = PBXFileReference; explicitFileType = wrapper.framework; includeInIndex = 0; path = Pods_Train_Your_Eyes_iOSUITests.framework; sourceTree = BUILT_PRODUCTS_DIR; };
		FA8ED01AB0FFEC5533D24943 /* Pods_Train_Your_Eyes_iOS.framework */ = {isa = PBXFileReference; explicitFileType = wrapper.framework; includeInIndex = 0; path = Pods_Train_Your_Eyes_iOS.framework; sourceTree = BUILT_PRODUCTS_DIR; };
/* End PBXFileReference section */

/* Begin PBXFrameworksBuildPhase section */
		2C09BE1921745B01006C2A93 /* Frameworks */ = {
			isa = PBXFrameworksBuildPhase;
			buildActionMask = 2147483647;
			files = (
				DA6386CA076B63387A317EE5 /* Pods_Train_Your_Eyes_iOS.framework in Frameworks */,
			);
			runOnlyForDeploymentPostprocessing = 0;
		};
		2C09BE2D21745B02006C2A93 /* Frameworks */ = {
			isa = PBXFrameworksBuildPhase;
			buildActionMask = 2147483647;
			files = (
				2CB077E9161798CE04920BA3 /* Pods_Train_Your_Eyes_iOSTests.framework in Frameworks */,
			);
			runOnlyForDeploymentPostprocessing = 0;
		};
		2C09BE3821745B02006C2A93 /* Frameworks */ = {
			isa = PBXFrameworksBuildPhase;
			buildActionMask = 2147483647;
			files = (
				5577F91F339EB98088CF2CE1 /* Pods_Train_Your_Eyes_iOSUITests.framework in Frameworks */,
			);
			runOnlyForDeploymentPostprocessing = 0;
		};
/* End PBXFrameworksBuildPhase section */

/* Begin PBXGroup section */
		2C09BE1321745B01006C2A93 = {
			isa = PBXGroup;
			children = (
				2C09BE1E21745B01006C2A93 /* Train_Your_Eyes_iOS */,
				2C09BE3321745B02006C2A93 /* Train_Your_Eyes_iOSTests */,
				2C09BE3E21745B02006C2A93 /* Train_Your_Eyes_iOSUITests */,
				2C09BE1D21745B01006C2A93 /* Products */,
				841C2400C013F8420B80BDB3 /* Pods */,
				8A9A6D5EE6C9A1A56A96FACB /* Frameworks */,
			);
			sourceTree = "<group>";
		};
		2C09BE1D21745B01006C2A93 /* Products */ = {
			isa = PBXGroup;
			children = (
				2C09BE1C21745B01006C2A93 /* Train_Your_Eyes_iOS.app */,
				2C09BE3021745B02006C2A93 /* Train_Your_Eyes_iOSTests.xctest */,
				2C09BE3B21745B02006C2A93 /* Train_Your_Eyes_iOSUITests.xctest */,
			);
			name = Products;
			sourceTree = "<group>";
		};
		2C09BE1E21745B01006C2A93 /* Train_Your_Eyes_iOS */ = {
			isa = PBXGroup;
			children = (
				2C4D2C1C217B02E1004C0367 /* Controller */,
				2C4D2C1B217B02DB004C0367 /* View */,
				2C4D2C1A217B02D1004C0367 /* Models */,
				2C67BDBA2192C84200E880FB /* Data Model */,
				2C09BE1F21745B01006C2A93 /* AppDelegate.swift */,
				2C09BE2621745B02006C2A93 /* Assets.xcassets */,
				2C09BE2821745B02006C2A93 /* LaunchScreen.storyboard */,
				2C09BE2B21745B02006C2A93 /* Info.plist */,
			);
			path = Train_Your_Eyes_iOS;
			sourceTree = "<group>";
		};
		2C09BE3321745B02006C2A93 /* Train_Your_Eyes_iOSTests */ = {
			isa = PBXGroup;
			children = (
				2C09BE3421745B02006C2A93 /* Train_Your_Eyes_iOSTests.swift */,
				2C09BE3621745B02006C2A93 /* Info.plist */,
			);
			path = Train_Your_Eyes_iOSTests;
			sourceTree = "<group>";
		};
		2C09BE3E21745B02006C2A93 /* Train_Your_Eyes_iOSUITests */ = {
			isa = PBXGroup;
			children = (
				2C09BE3F21745B02006C2A93 /* Train_Your_Eyes_iOSUITests.swift */,
				2C09BE4121745B02006C2A93 /* Info.plist */,
			);
			path = Train_Your_Eyes_iOSUITests;
			sourceTree = "<group>";
		};
		2C4D2C1A217B02D1004C0367 /* Models */ = {
			isa = PBXGroup;
			children = (
				2C23572721A2032A00412F60 /* ColorBlindData.swift */,
				2CAA5DC621A39F3900E769A8 /* AlertFunctions.swift */,
				2CAA5DC821A3CCCA00E769A8 /* RoundButton.swift */,
			);
			path = Models;
			sourceTree = "<group>";
		};
		2C4D2C1B217B02DB004C0367 /* View */ = {
			isa = PBXGroup;
			children = (
				2C09BE2321745B01006C2A93 /* Main.storyboard */,
			);
			path = View;
			sourceTree = "<group>";
		};
		2C4D2C1C217B02E1004C0367 /* Controller */ = {
			isa = PBXGroup;
			children = (
				2CAA5DCA21A3E5E800E769A8 /* VisionTestResultsViewController.swift */,
				2C09BE2121745B01006C2A93 /* ViewController.swift */,
				2C2CB0A42186CF8700D7F77E /* MainScreenViewController.swift */,
				2C3EC83B2188427D004AD3FF /* MainScreenTableViewCell.swift */,
				2C2CB0A62186E7A800D7F77E /* OptokineticViewController.swift */,
				2C2CB0A82186E7BA00D7F77E /* MovingBallViewController.swift */,
				2C4D2C1D217BD540004C0367 /* VisionCheckViewController.swift */,
				2C2CB0AA2186E7F800D7F77E /* MyopiaViewController.swift */,
				2C2CB0AC2186F42B00D7F77E /* HitMovingObjectViewController.swift */,
			);
			path = Controller;
			sourceTree = "<group>";
		};
		2C67BDBA2192C84200E880FB /* Data Model */ = {
			isa = PBXGroup;
			children = (
				2C67BDBB2192C89C00E880FB /* UserDataModel.xcdatamodeld */,
			);
			path = "Data Model";
			sourceTree = "<group>";
		};
		841C2400C013F8420B80BDB3 /* Pods */ = {
			isa = PBXGroup;
			children = (
				9E059006F52E4603BFD887A2 /* Pods-Train_Your_Eyes_iOS.debug.xcconfig */,
				488F38336C938C82231AB733 /* Pods-Train_Your_Eyes_iOS.release.xcconfig */,
				19E2A79AF2A46635092322F4 /* Pods-Train_Your_Eyes_iOSTests.debug.xcconfig */,
				25F1B793C19904F6EB087B0F /* Pods-Train_Your_Eyes_iOSTests.release.xcconfig */,
				14BC454914B7C19822DFD614 /* Pods-Train_Your_Eyes_iOSUITests.debug.xcconfig */,
				4DB704BD5270DA93C6FEFC84 /* Pods-Train_Your_Eyes_iOSUITests.release.xcconfig */,
			);
			name = Pods;
			sourceTree = "<group>";
		};
		8A9A6D5EE6C9A1A56A96FACB /* Frameworks */ = {
			isa = PBXGroup;
			children = (
				FA8ED01AB0FFEC5533D24943 /* Pods_Train_Your_Eyes_iOS.framework */,
				08B77F6E7194E019FCEEBD71 /* Pods_Train_Your_Eyes_iOSTests.framework */,
				B01C6CD9EB62331F641D13C1 /* Pods_Train_Your_Eyes_iOSUITests.framework */,
			);
			name = Frameworks;
			sourceTree = "<group>";
		};
/* End PBXGroup section */

/* Begin PBXNativeTarget section */
		2C09BE1B21745B01006C2A93 /* Train_Your_Eyes_iOS */ = {
			isa = PBXNativeTarget;
			buildConfigurationList = 2C09BE4421745B02006C2A93 /* Build configuration list for PBXNativeTarget "Train_Your_Eyes_iOS" */;
			buildPhases = (
				51B14FFDDB912B167F4E317C /* [CP] Check Pods Manifest.lock */,
				2C09BE1821745B01006C2A93 /* Sources */,
				2C09BE1921745B01006C2A93 /* Frameworks */,
				2C09BE1A21745B01006C2A93 /* Resources */,
				85C615D705C7447320C6D792 /* [CP] Embed Pods Frameworks */,
			);
			buildRules = (
			);
			dependencies = (
			);
			name = Train_Your_Eyes_iOS;
			productName = Train_Your_Eyes_iOS;
			productReference = 2C09BE1C21745B01006C2A93 /* Train_Your_Eyes_iOS.app */;
			productType = "com.apple.product-type.application";
		};
		2C09BE2F21745B02006C2A93 /* Train_Your_Eyes_iOSTests */ = {
			isa = PBXNativeTarget;
			buildConfigurationList = 2C09BE4721745B02006C2A93 /* Build configuration list for PBXNativeTarget "Train_Your_Eyes_iOSTests" */;
			buildPhases = (
				EFD2A5A3B02B4143DB94D308 /* [CP] Check Pods Manifest.lock */,
				2C09BE2C21745B02006C2A93 /* Sources */,
				2C09BE2D21745B02006C2A93 /* Frameworks */,
				2C09BE2E21745B02006C2A93 /* Resources */,
			);
			buildRules = (
			);
			dependencies = (
				2C09BE3221745B02006C2A93 /* PBXTargetDependency */,
			);
			name = Train_Your_Eyes_iOSTests;
			productName = Train_Your_Eyes_iOSTests;
			productReference = 2C09BE3021745B02006C2A93 /* Train_Your_Eyes_iOSTests.xctest */;
			productType = "com.apple.product-type.bundle.unit-test";
		};
		2C09BE3A21745B02006C2A93 /* Train_Your_Eyes_iOSUITests */ = {
			isa = PBXNativeTarget;
			buildConfigurationList = 2C09BE4A21745B02006C2A93 /* Build configuration list for PBXNativeTarget "Train_Your_Eyes_iOSUITests" */;
			buildPhases = (
				22643808FAF0E859DD35B191 /* [CP] Check Pods Manifest.lock */,
				2C09BE3721745B02006C2A93 /* Sources */,
				2C09BE3821745B02006C2A93 /* Frameworks */,
				2C09BE3921745B02006C2A93 /* Resources */,
			);
			buildRules = (
			);
			dependencies = (
				2C09BE3D21745B02006C2A93 /* PBXTargetDependency */,
			);
			name = Train_Your_Eyes_iOSUITests;
			productName = Train_Your_Eyes_iOSUITests;
			productReference = 2C09BE3B21745B02006C2A93 /* Train_Your_Eyes_iOSUITests.xctest */;
			productType = "com.apple.product-type.bundle.ui-testing";
		};
/* End PBXNativeTarget section */

/* Begin PBXProject section */
		2C09BE1421745B01006C2A93 /* Project object */ = {
			isa = PBXProject;
			attributes = {
				LastSwiftUpdateCheck = 1010;
				LastUpgradeCheck = 1010;
				ORGANIZATIONNAME = Eyes123Train;
				TargetAttributes = {
					2C09BE1B21745B01006C2A93 = {
						CreatedOnToolsVersion = 10.1;
					};
					2C09BE2F21745B02006C2A93 = {
						CreatedOnToolsVersion = 10.1;
						TestTargetID = 2C09BE1B21745B01006C2A93;
					};
					2C09BE3A21745B02006C2A93 = {
						CreatedOnToolsVersion = 10.1;
						TestTargetID = 2C09BE1B21745B01006C2A93;
					};
				};
			};
			buildConfigurationList = 2C09BE1721745B01006C2A93 /* Build configuration list for PBXProject "Train_Your_Eyes_iOS" */;
			compatibilityVersion = "Xcode 9.3";
			developmentRegion = en;
			hasScannedForEncodings = 0;
			knownRegions = (
				en,
				Base,
			);
			mainGroup = 2C09BE1321745B01006C2A93;
			productRefGroup = 2C09BE1D21745B01006C2A93 /* Products */;
			projectDirPath = "";
			projectRoot = "";
			targets = (
				2C09BE1B21745B01006C2A93 /* Train_Your_Eyes_iOS */,
				2C09BE2F21745B02006C2A93 /* Train_Your_Eyes_iOSTests */,
				2C09BE3A21745B02006C2A93 /* Train_Your_Eyes_iOSUITests */,
			);
		};
/* End PBXProject section */

/* Begin PBXResourcesBuildPhase section */
		2C09BE1A21745B01006C2A93 /* Resources */ = {
			isa = PBXResourcesBuildPhase;
			buildActionMask = 2147483647;
			files = (
				2C09BE2A21745B02006C2A93 /* LaunchScreen.storyboard in Resources */,
				2C09BE2721745B02006C2A93 /* Assets.xcassets in Resources */,
				2C09BE2521745B01006C2A93 /* Main.storyboard in Resources */,
			);
			runOnlyForDeploymentPostprocessing = 0;
		};
		2C09BE2E21745B02006C2A93 /* Resources */ = {
			isa = PBXResourcesBuildPhase;
			buildActionMask = 2147483647;
			files = (
			);
			runOnlyForDeploymentPostprocessing = 0;
		};
		2C09BE3921745B02006C2A93 /* Resources */ = {
			isa = PBXResourcesBuildPhase;
			buildActionMask = 2147483647;
			files = (
			);
			runOnlyForDeploymentPostprocessing = 0;
		};
/* End PBXResourcesBuildPhase section */

/* Begin PBXShellScriptBuildPhase section */
		22643808FAF0E859DD35B191 /* [CP] Check Pods Manifest.lock */ = {
			isa = PBXShellScriptBuildPhase;
			buildActionMask = 2147483647;
			files = (
			);
			inputFileListPaths = (
			);
			inputPaths = (
				"${PODS_PODFILE_DIR_PATH}/Podfile.lock",
				"${PODS_ROOT}/Manifest.lock",
			);
			name = "[CP] Check Pods Manifest.lock";
			outputFileListPaths = (
			);
			outputPaths = (
				"$(DERIVED_FILE_DIR)/Pods-Train_Your_Eyes_iOSUITests-checkManifestLockResult.txt",
			);
			runOnlyForDeploymentPostprocessing = 0;
			shellPath = /bin/sh;
			shellScript = "diff \"${PODS_PODFILE_DIR_PATH}/Podfile.lock\" \"${PODS_ROOT}/Manifest.lock\" > /dev/null\nif [ $? != 0 ] ; then\n    # print error to STDERR\n    echo \"error: The sandbox is not in sync with the Podfile.lock. Run 'pod install' or update your CocoaPods installation.\" >&2\n    exit 1\nfi\n# This output is used by Xcode 'outputs' to avoid re-running this script phase.\necho \"SUCCESS\" > \"${SCRIPT_OUTPUT_FILE_0}\"\n";
			showEnvVarsInLog = 0;
		};
		51B14FFDDB912B167F4E317C /* [CP] Check Pods Manifest.lock */ = {
			isa = PBXShellScriptBuildPhase;
			buildActionMask = 2147483647;
			files = (
			);
			inputFileListPaths = (
			);
			inputPaths = (
				"${PODS_PODFILE_DIR_PATH}/Podfile.lock",
				"${PODS_ROOT}/Manifest.lock",
			);
			name = "[CP] Check Pods Manifest.lock";
			outputFileListPaths = (
			);
			outputPaths = (
				"$(DERIVED_FILE_DIR)/Pods-Train_Your_Eyes_iOS-checkManifestLockResult.txt",
			);
			runOnlyForDeploymentPostprocessing = 0;
			shellPath = /bin/sh;
			shellScript = "diff \"${PODS_PODFILE_DIR_PATH}/Podfile.lock\" \"${PODS_ROOT}/Manifest.lock\" > /dev/null\nif [ $? != 0 ] ; then\n    # print error to STDERR\n    echo \"error: The sandbox is not in sync with the Podfile.lock. Run 'pod install' or update your CocoaPods installation.\" >&2\n    exit 1\nfi\n# This output is used by Xcode 'outputs' to avoid re-running this script phase.\necho \"SUCCESS\" > \"${SCRIPT_OUTPUT_FILE_0}\"\n";
			showEnvVarsInLog = 0;
		};
		85C615D705C7447320C6D792 /* [CP] Embed Pods Frameworks */ = {
			isa = PBXShellScriptBuildPhase;
			buildActionMask = 2147483647;
			files = (
			);
			inputFileListPaths = (
			);
			inputPaths = (
				"${SRCROOT}/Pods/Target Support Files/Pods-Train_Your_Eyes_iOS/Pods-Train_Your_Eyes_iOS-frameworks.sh",
				"${BUILT_PRODUCTS_DIR}/lottie-ios/Lottie.framework",
			);
			name = "[CP] Embed Pods Frameworks";
			outputFileListPaths = (
			);
			outputPaths = (
				"${TARGET_BUILD_DIR}/${FRAMEWORKS_FOLDER_PATH}/Lottie.framework",
			);
			runOnlyForDeploymentPostprocessing = 0;
			shellPath = /bin/sh;
			shellScript = "\"${SRCROOT}/Pods/Target Support Files/Pods-Train_Your_Eyes_iOS/Pods-Train_Your_Eyes_iOS-frameworks.sh\"\n";
			showEnvVarsInLog = 0;
		};
		EFD2A5A3B02B4143DB94D308 /* [CP] Check Pods Manifest.lock */ = {
			isa = PBXShellScriptBuildPhase;
			buildActionMask = 2147483647;
			files = (
			);
			inputFileListPaths = (
			);
			inputPaths = (
				"${PODS_PODFILE_DIR_PATH}/Podfile.lock",
				"${PODS_ROOT}/Manifest.lock",
			);
			name = "[CP] Check Pods Manifest.lock";
			outputFileListPaths = (
			);
			outputPaths = (
				"$(DERIVED_FILE_DIR)/Pods-Train_Your_Eyes_iOSTests-checkManifestLockResult.txt",
			);
			runOnlyForDeploymentPostprocessing = 0;
			shellPath = /bin/sh;
			shellScript = "diff \"${PODS_PODFILE_DIR_PATH}/Podfile.lock\" \"${PODS_ROOT}/Manifest.lock\" > /dev/null\nif [ $? != 0 ] ; then\n    # print error to STDERR\n    echo \"error: The sandbox is not in sync with the Podfile.lock. Run 'pod install' or update your CocoaPods installation.\" >&2\n    exit 1\nfi\n# This output is used by Xcode 'outputs' to avoid re-running this script phase.\necho \"SUCCESS\" > \"${SCRIPT_OUTPUT_FILE_0}\"\n";
			showEnvVarsInLog = 0;
		};
/* End PBXShellScriptBuildPhase section */

/* Begin PBXSourcesBuildPhase section */
		2C09BE1821745B01006C2A93 /* Sources */ = {
			isa = PBXSourcesBuildPhase;
			buildActionMask = 2147483647;
			files = (
				2C23572821A2032A00412F60 /* ColorBlindData.swift in Sources */,
				2CAA5DCB21A3E5E800E769A8 /* VisionTestResultsViewController.swift in Sources */,
				2C09BE2221745B01006C2A93 /* ViewController.swift in Sources */,
				2C2CB0AD2186F42B00D7F77E /* HitMovingObjectViewController.swift in Sources */,
				2C67BDBD2192C89C00E880FB /* UserDataModel.xcdatamodeld in Sources */,
				2CAA5DC721A39F3900E769A8 /* AlertFunctions.swift in Sources */,
				2C2CB0A92186E7BA00D7F77E /* MovingBallViewController.swift in Sources */,
				2CAA5DC921A3CCCA00E769A8 /* RoundButton.swift in Sources */,
				2C2CB0A52186CF8700D7F77E /* MainScreenViewController.swift in Sources */,
				2C4D2C1E217BD540004C0367 /* VisionCheckViewController.swift in Sources */,
				2C3EC83C2188427D004AD3FF /* MainScreenTableViewCell.swift in Sources */,
				2C2CB0AB2186E7F800D7F77E /* MyopiaViewController.swift in Sources */,
				2C2CB0A72186E7A800D7F77E /* OptokineticViewController.swift in Sources */,
				2C09BE2021745B01006C2A93 /* AppDelegate.swift in Sources */,
			);
			runOnlyForDeploymentPostprocessing = 0;
		};
		2C09BE2C21745B02006C2A93 /* Sources */ = {
			isa = PBXSourcesBuildPhase;
			buildActionMask = 2147483647;
			files = (
				2C09BE3521745B02006C2A93 /* Train_Your_Eyes_iOSTests.swift in Sources */,
			);
			runOnlyForDeploymentPostprocessing = 0;
		};
		2C09BE3721745B02006C2A93 /* Sources */ = {
			isa = PBXSourcesBuildPhase;
			buildActionMask = 2147483647;
			files = (
				2C09BE4021745B02006C2A93 /* Train_Your_Eyes_iOSUITests.swift in Sources */,
			);
			runOnlyForDeploymentPostprocessing = 0;
		};
/* End PBXSourcesBuildPhase section */

/* Begin PBXTargetDependency section */
		2C09BE3221745B02006C2A93 /* PBXTargetDependency */ = {
			isa = PBXTargetDependency;
			target = 2C09BE1B21745B01006C2A93 /* Train_Your_Eyes_iOS */;
			targetProxy = 2C09BE3121745B02006C2A93 /* PBXContainerItemProxy */;
		};
		2C09BE3D21745B02006C2A93 /* PBXTargetDependency */ = {
			isa = PBXTargetDependency;
			target = 2C09BE1B21745B01006C2A93 /* Train_Your_Eyes_iOS */;
			targetProxy = 2C09BE3C21745B02006C2A93 /* PBXContainerItemProxy */;
		};
/* End PBXTargetDependency section */

/* Begin PBXVariantGroup section */
		2C09BE2321745B01006C2A93 /* Main.storyboard */ = {
			isa = PBXVariantGroup;
			children = (
				2C09BE2421745B01006C2A93 /* Base */,
			);
			name = Main.storyboard;
			sourceTree = "<group>";
		};
		2C09BE2821745B02006C2A93 /* LaunchScreen.storyboard */ = {
			isa = PBXVariantGroup;
			children = (
				2C09BE2921745B02006C2A93 /* Base */,
			);
			name = LaunchScreen.storyboard;
			sourceTree = "<group>";
		};
/* End PBXVariantGroup section */

/* Begin XCBuildConfiguration section */
		2C09BE4221745B02006C2A93 /* Debug */ = {
			isa = XCBuildConfiguration;
			buildSettings = {
				ALWAYS_SEARCH_USER_PATHS = NO;
				CLANG_ANALYZER_NONNULL = YES;
				CLANG_ANALYZER_NUMBER_OBJECT_CONVERSION = YES_AGGRESSIVE;
				CLANG_CXX_LANGUAGE_STANDARD = "gnu++14";
				CLANG_CXX_LIBRARY = "libc++";
				CLANG_ENABLE_MODULES = YES;
				CLANG_ENABLE_OBJC_ARC = YES;
				CLANG_ENABLE_OBJC_WEAK = YES;
				CLANG_WARN_BLOCK_CAPTURE_AUTORELEASING = YES;
				CLANG_WARN_BOOL_CONVERSION = YES;
				CLANG_WARN_COMMA = YES;
				CLANG_WARN_CONSTANT_CONVERSION = YES;
				CLANG_WARN_DEPRECATED_OBJC_IMPLEMENTATIONS = YES;
				CLANG_WARN_DIRECT_OBJC_ISA_USAGE = YES_ERROR;
				CLANG_WARN_DOCUMENTATION_COMMENTS = YES;
				CLANG_WARN_EMPTY_BODY = YES;
				CLANG_WARN_ENUM_CONVERSION = YES;
				CLANG_WARN_INFINITE_RECURSION = YES;
				CLANG_WARN_INT_CONVERSION = YES;
				CLANG_WARN_NON_LITERAL_NULL_CONVERSION = YES;
				CLANG_WARN_OBJC_IMPLICIT_RETAIN_SELF = YES;
				CLANG_WARN_OBJC_LITERAL_CONVERSION = YES;
				CLANG_WARN_OBJC_ROOT_CLASS = YES_ERROR;
				CLANG_WARN_RANGE_LOOP_ANALYSIS = YES;
				CLANG_WARN_STRICT_PROTOTYPES = YES;
				CLANG_WARN_SUSPICIOUS_MOVE = YES;
				CLANG_WARN_UNGUARDED_AVAILABILITY = YES_AGGRESSIVE;
				CLANG_WARN_UNREACHABLE_CODE = YES;
				CLANG_WARN__DUPLICATE_METHOD_MATCH = YES;
				CODE_SIGN_IDENTITY = "iPhone Developer";
				COPY_PHASE_STRIP = NO;
				DEBUG_INFORMATION_FORMAT = dwarf;
				ENABLE_STRICT_OBJC_MSGSEND = YES;
				ENABLE_TESTABILITY = YES;
				GCC_C_LANGUAGE_STANDARD = gnu11;
				GCC_DYNAMIC_NO_PIC = NO;
				GCC_NO_COMMON_BLOCKS = YES;
				GCC_OPTIMIZATION_LEVEL = 0;
				GCC_PREPROCESSOR_DEFINITIONS = (
					"DEBUG=1",
					"$(inherited)",
				);
				GCC_WARN_64_TO_32_BIT_CONVERSION = YES;
				GCC_WARN_ABOUT_RETURN_TYPE = YES_ERROR;
				GCC_WARN_UNDECLARED_SELECTOR = YES;
				GCC_WARN_UNINITIALIZED_AUTOS = YES_AGGRESSIVE;
				GCC_WARN_UNUSED_FUNCTION = YES;
				GCC_WARN_UNUSED_VARIABLE = YES;
				IPHONEOS_DEPLOYMENT_TARGET = 12.1;
				MTL_ENABLE_DEBUG_INFO = INCLUDE_SOURCE;
				MTL_FAST_MATH = YES;
				ONLY_ACTIVE_ARCH = YES;
				SDKROOT = iphoneos;
				SWIFT_ACTIVE_COMPILATION_CONDITIONS = DEBUG;
				SWIFT_OPTIMIZATION_LEVEL = "-Onone";
			};
			name = Debug;
		};
		2C09BE4321745B02006C2A93 /* Release */ = {
			isa = XCBuildConfiguration;
			buildSettings = {
				ALWAYS_SEARCH_USER_PATHS = NO;
				CLANG_ANALYZER_NONNULL = YES;
				CLANG_ANALYZER_NUMBER_OBJECT_CONVERSION = YES_AGGRESSIVE;
				CLANG_CXX_LANGUAGE_STANDARD = "gnu++14";
				CLANG_CXX_LIBRARY = "libc++";
				CLANG_ENABLE_MODULES = YES;
				CLANG_ENABLE_OBJC_ARC = YES;
				CLANG_ENABLE_OBJC_WEAK = YES;
				CLANG_WARN_BLOCK_CAPTURE_AUTORELEASING = YES;
				CLANG_WARN_BOOL_CONVERSION = YES;
				CLANG_WARN_COMMA = YES;
				CLANG_WARN_CONSTANT_CONVERSION = YES;
				CLANG_WARN_DEPRECATED_OBJC_IMPLEMENTATIONS = YES;
				CLANG_WARN_DIRECT_OBJC_ISA_USAGE = YES_ERROR;
				CLANG_WARN_DOCUMENTATION_COMMENTS = YES;
				CLANG_WARN_EMPTY_BODY = YES;
				CLANG_WARN_ENUM_CONVERSION = YES;
				CLANG_WARN_INFINITE_RECURSION = YES;
				CLANG_WARN_INT_CONVERSION = YES;
				CLANG_WARN_NON_LITERAL_NULL_CONVERSION = YES;
				CLANG_WARN_OBJC_IMPLICIT_RETAIN_SELF = YES;
				CLANG_WARN_OBJC_LITERAL_CONVERSION = YES;
				CLANG_WARN_OBJC_ROOT_CLASS = YES_ERROR;
				CLANG_WARN_RANGE_LOOP_ANALYSIS = YES;
				CLANG_WARN_STRICT_PROTOTYPES = YES;
				CLANG_WARN_SUSPICIOUS_MOVE = YES;
				CLANG_WARN_UNGUARDED_AVAILABILITY = YES_AGGRESSIVE;
				CLANG_WARN_UNREACHABLE_CODE = YES;
				CLANG_WARN__DUPLICATE_METHOD_MATCH = YES;
				CODE_SIGN_IDENTITY = "iPhone Developer";
				COPY_PHASE_STRIP = NO;
				DEBUG_INFORMATION_FORMAT = "dwarf-with-dsym";
				ENABLE_NS_ASSERTIONS = NO;
				ENABLE_STRICT_OBJC_MSGSEND = YES;
				GCC_C_LANGUAGE_STANDARD = gnu11;
				GCC_NO_COMMON_BLOCKS = YES;
				GCC_WARN_64_TO_32_BIT_CONVERSION = YES;
				GCC_WARN_ABOUT_RETURN_TYPE = YES_ERROR;
				GCC_WARN_UNDECLARED_SELECTOR = YES;
				GCC_WARN_UNINITIALIZED_AUTOS = YES_AGGRESSIVE;
				GCC_WARN_UNUSED_FUNCTION = YES;
				GCC_WARN_UNUSED_VARIABLE = YES;
				IPHONEOS_DEPLOYMENT_TARGET = 12.1;
				MTL_ENABLE_DEBUG_INFO = NO;
				MTL_FAST_MATH = YES;
				SDKROOT = iphoneos;
				SWIFT_COMPILATION_MODE = wholemodule;
				SWIFT_OPTIMIZATION_LEVEL = "-O";
				VALIDATE_PRODUCT = YES;
			};
			name = Release;
		};
		2C09BE4521745B02006C2A93 /* Debug */ = {
			isa = XCBuildConfiguration;
			baseConfigurationReference = 9E059006F52E4603BFD887A2 /* Pods-Train_Your_Eyes_iOS.debug.xcconfig */;
			buildSettings = {
				ASSETCATALOG_COMPILER_APPICON_NAME = AppIcon;
				CODE_SIGN_STYLE = Automatic;
				DEVELOPMENT_TEAM = 6LPD4868J6;
				INFOPLIST_FILE = Train_Your_Eyes_iOS/Info.plist;
				IPHONEOS_DEPLOYMENT_TARGET = 12.0;
				LD_RUNPATH_SEARCH_PATHS = (
					"$(inherited)",
					"@executable_path/Frameworks",
				);
				PRODUCT_BUNDLE_IDENTIFIER = "com.eyes123train.Train-Your-Eyes-iOS";
				PRODUCT_NAME = "$(TARGET_NAME)";
				SWIFT_VERSION = 4.2;
				TARGETED_DEVICE_FAMILY = "1,2";
			};
			name = Debug;
		};
		2C09BE4621745B02006C2A93 /* Release */ = {
			isa = XCBuildConfiguration;
			baseConfigurationReference = 488F38336C938C82231AB733 /* Pods-Train_Your_Eyes_iOS.release.xcconfig */;
			buildSettings = {
				ASSETCATALOG_COMPILER_APPICON_NAME = AppIcon;
				CODE_SIGN_STYLE = Automatic;
				DEVELOPMENT_TEAM = 6LPD4868J6;
				INFOPLIST_FILE = Train_Your_Eyes_iOS/Info.plist;
				IPHONEOS_DEPLOYMENT_TARGET = 12.0;
				LD_RUNPATH_SEARCH_PATHS = (
					"$(inherited)",
					"@executable_path/Frameworks",
				);
				PRODUCT_BUNDLE_IDENTIFIER = "com.eyes123train.Train-Your-Eyes-iOS";
				PRODUCT_NAME = "$(TARGET_NAME)";
				SWIFT_VERSION = 4.2;
				TARGETED_DEVICE_FAMILY = "1,2";
			};
			name = Release;
		};
		2C09BE4821745B02006C2A93 /* Debug */ = {
			isa = XCBuildConfiguration;
			baseConfigurationReference = 19E2A79AF2A46635092322F4 /* Pods-Train_Your_Eyes_iOSTests.debug.xcconfig */;
			buildSettings = {
				ALWAYS_EMBED_SWIFT_STANDARD_LIBRARIES = YES;
				BUNDLE_LOADER = "$(TEST_HOST)";
				CODE_SIGN_STYLE = Automatic;
				INFOPLIST_FILE = Train_Your_Eyes_iOSTests/Info.plist;
				LD_RUNPATH_SEARCH_PATHS = (
					"$(inherited)",
					"@executable_path/Frameworks",
					"@loader_path/Frameworks",
				);
				PRODUCT_BUNDLE_IDENTIFIER = "com.eyes123train.Train-Your-Eyes-iOSTests";
				PRODUCT_NAME = "$(TARGET_NAME)";
				SWIFT_VERSION = 4.2;
				TARGETED_DEVICE_FAMILY = "1,2";
				TEST_HOST = "$(BUILT_PRODUCTS_DIR)/Train_Your_Eyes_iOS.app/Train_Your_Eyes_iOS";
			};
			name = Debug;
		};
		2C09BE4921745B02006C2A93 /* Release */ = {
			isa = XCBuildConfiguration;
			baseConfigurationReference = 25F1B793C19904F6EB087B0F /* Pods-Train_Your_Eyes_iOSTests.release.xcconfig */;
			buildSettings = {
				ALWAYS_EMBED_SWIFT_STANDARD_LIBRARIES = YES;
				BUNDLE_LOADER = "$(TEST_HOST)";
				CODE_SIGN_STYLE = Automatic;
				INFOPLIST_FILE = Train_Your_Eyes_iOSTests/Info.plist;
				LD_RUNPATH_SEARCH_PATHS = (
					"$(inherited)",
					"@executable_path/Frameworks",
					"@loader_path/Frameworks",
				);
				PRODUCT_BUNDLE_IDENTIFIER = "com.eyes123train.Train-Your-Eyes-iOSTests";
				PRODUCT_NAME = "$(TARGET_NAME)";
				SWIFT_VERSION = 4.2;
				TARGETED_DEVICE_FAMILY = "1,2";
				TEST_HOST = "$(BUILT_PRODUCTS_DIR)/Train_Your_Eyes_iOS.app/Train_Your_Eyes_iOS";
			};
			name = Release;
		};
		2C09BE4B21745B02006C2A93 /* Debug */ = {
			isa = XCBuildConfiguration;
			baseConfigurationReference = 14BC454914B7C19822DFD614 /* Pods-Train_Your_Eyes_iOSUITests.debug.xcconfig */;
			buildSettings = {
				ALWAYS_EMBED_SWIFT_STANDARD_LIBRARIES = YES;
				CODE_SIGN_STYLE = Automatic;
				INFOPLIST_FILE = Train_Your_Eyes_iOSUITests/Info.plist;
				LD_RUNPATH_SEARCH_PATHS = (
					"$(inherited)",
					"@executable_path/Frameworks",
					"@loader_path/Frameworks",
				);
				PRODUCT_BUNDLE_IDENTIFIER = "com.eyes123train.Train-Your-Eyes-iOSUITests";
				PRODUCT_NAME = "$(TARGET_NAME)";
				SWIFT_VERSION = 4.2;
				TARGETED_DEVICE_FAMILY = "1,2";
				TEST_TARGET_NAME = Train_Your_Eyes_iOS;
			};
			name = Debug;
		};
		2C09BE4C21745B02006C2A93 /* Release */ = {
			isa = XCBuildConfiguration;
			baseConfigurationReference = 4DB704BD5270DA93C6FEFC84 /* Pods-Train_Your_Eyes_iOSUITests.release.xcconfig */;
			buildSettings = {
				ALWAYS_EMBED_SWIFT_STANDARD_LIBRARIES = YES;
				CODE_SIGN_STYLE = Automatic;
				INFOPLIST_FILE = Train_Your_Eyes_iOSUITests/Info.plist;
				LD_RUNPATH_SEARCH_PATHS = (
					"$(inherited)",
					"@executable_path/Frameworks",
					"@loader_path/Frameworks",
				);
				PRODUCT_BUNDLE_IDENTIFIER = "com.eyes123train.Train-Your-Eyes-iOSUITests";
				PRODUCT_NAME = "$(TARGET_NAME)";
				SWIFT_VERSION = 4.2;
				TARGETED_DEVICE_FAMILY = "1,2";
				TEST_TARGET_NAME = Train_Your_Eyes_iOS;
			};
			name = Release;
		};
/* End XCBuildConfiguration section */

/* Begin XCConfigurationList section */
		2C09BE1721745B01006C2A93 /* Build configuration list for PBXProject "Train_Your_Eyes_iOS" */ = {
			isa = XCConfigurationList;
			buildConfigurations = (
				2C09BE4221745B02006C2A93 /* Debug */,
				2C09BE4321745B02006C2A93 /* Release */,
			);
			defaultConfigurationIsVisible = 0;
			defaultConfigurationName = Release;
		};
		2C09BE4421745B02006C2A93 /* Build configuration list for PBXNativeTarget "Train_Your_Eyes_iOS" */ = {
			isa = XCConfigurationList;
			buildConfigurations = (
				2C09BE4521745B02006C2A93 /* Debug */,
				2C09BE4621745B02006C2A93 /* Release */,
			);
			defaultConfigurationIsVisible = 0;
			defaultConfigurationName = Release;
		};
		2C09BE4721745B02006C2A93 /* Build configuration list for PBXNativeTarget "Train_Your_Eyes_iOSTests" */ = {
			isa = XCConfigurationList;
			buildConfigurations = (
				2C09BE4821745B02006C2A93 /* Debug */,
				2C09BE4921745B02006C2A93 /* Release */,
			);
			defaultConfigurationIsVisible = 0;
			defaultConfigurationName = Release;
		};
		2C09BE4A21745B02006C2A93 /* Build configuration list for PBXNativeTarget "Train_Your_Eyes_iOSUITests" */ = {
			isa = XCConfigurationList;
			buildConfigurations = (
				2C09BE4B21745B02006C2A93 /* Debug */,
				2C09BE4C21745B02006C2A93 /* Release */,
			);
			defaultConfigurationIsVisible = 0;
			defaultConfigurationName = Release;
		};
/* End XCConfigurationList section */

/* Begin XCVersionGroup section */
		2C67BDBB2192C89C00E880FB /* UserDataModel.xcdatamodeld */ = {
			isa = XCVersionGroup;
			children = (
				2C67BDBC2192C89C00E880FB /* UserDataModel.xcdatamodel */,
			);
			currentVersion = 2C67BDBC2192C89C00E880FB /* UserDataModel.xcdatamodel */;
			path = UserDataModel.xcdatamodeld;
			sourceTree = "<group>";
			versionGroupType = wrapper.xcdatamodel;
		};
/* End XCVersionGroup section */
	};
	rootObject = 2C09BE1421745B01006C2A93 /* Project object */;
}
